
Microsoft Visual Studio Solution File, Format Version 12.00
# Visual Studio Version 17
VisualStudioVersion = 17.9.34902.65
MinimumVisualStudioVersion = 10.0.40219.1
Project("{9A19103F-16F7-4668-BE54-9A1E7A4F7556}") = "LiteDB.Viewer.Client", "LiteDB.Viewer.Client\LiteDB.Viewer.Client.csproj", "{06B080A7-BEC4-48CF-B6A7-266D114371FE}"
EndProject
Global
	GlobalSection(SolutionConfigurationPlatforms) = preSolution
		Debug|Any CPU = Debug|Any CPU
		Release|Any CPU = Release|Any CPU
	EndGlobalSection
	GlobalSection(ProjectConfigurationPlatforms) = postSolution
		{06B080A7-BEC4-48CF-B6A7-266D114371FE}.Debug|Any CPU.ActiveCfg = Debug|Any CPU
		{06B080A7-BEC4-48CF-B6A7-266D114371FE}.Debug|Any CPU.Build.0 = Debug|Any CPU
		{06B080A7-BEC4-48CF-B6A7-266D114371FE}.Release|Any CPU.ActiveCfg = Release|Any CPU
		{06B080A7-BEC4-48CF-B6A7-266D114371FE}.Release|Any CPU.Build.0 = Release|Any CPU
	EndGlobalSection
	GlobalSection(SolutionProperties) = preSolution
		HideSolutionNode = FALSE
	EndGlobalSection
	GlobalSection(ExtensibilityGlobals) = postSolution
		SolutionGuid = {18F4BD4C-F61A-44FD-AC25-8A2A41917E66}
	EndGlobalSection
EndGlobal
